
Microsoft Visual Studio Solution File, Format Version 12.00
# Visual Studio 15
VisualStudioVersion = 15.0.28010.2048
MinimumVisualStudioVersion = 10.0.40219.1
Project("{9A19103F-16F7-4668-BE54-9A1E7A4F7556}") = "Microsoft.GraphAPI.Sample", "Microsoft.GraphAPI.Sample\Microsoft.GraphAPI.Sample.csproj", "{AC4AC621-EE69-4DCE-9A3C-C497EA145493}"
EndProject
Project("{FAE04EC0-301F-11D3-BF4B-00C04F79EFBC}") = "Microsoft.GraphAPI.Messages", "Microsoft.GraphAPI\Microsoft.GraphAPI.Messages.csproj", "{621D4074-A7DE-49D7-946B-78B2FF5CDE5B}"
EndProject
Global
	GlobalSection(SolutionConfigurationPlatforms) = preSolution
		Debug|Any CPU = Debug|Any CPU
		Release|Any CPU = Release|Any CPU
	EndGlobalSection
	GlobalSection(ProjectConfigurationPlatforms) = postSolution
		{AC4AC621-EE69-4DCE-9A3C-C497EA145493}.Debug|Any CPU.ActiveCfg = Debug|Any CPU
		{AC4AC621-EE69-4DCE-9A3C-C497EA145493}.Debug|Any CPU.Build.0 = Debug|Any CPU
		{AC4AC621-EE69-4DCE-9A3C-C497EA145493}.Release|Any CPU.ActiveCfg = Release|Any CPU
		{AC4AC621-EE69-4DCE-9A3C-C497EA145493}.Release|Any CPU.Build.0 = Release|Any CPU
		{621D4074-A7DE-49D7-946B-78B2FF5CDE5B}.Debug|Any CPU.ActiveCfg = Debug|Any CPU
		{621D4074-A7DE-49D7-946B-78B2FF5CDE5B}.Debug|Any CPU.Build.0 = Debug|Any CPU
		{621D4074-A7DE-49D7-946B-78B2FF5CDE5B}.Release|Any CPU.ActiveCfg = Release|Any CPU
		{621D4074-A7DE-49D7-946B-78B2FF5CDE5B}.Release|Any CPU.Build.0 = Release|Any CPU
	EndGlobalSection
	GlobalSection(SolutionProperties) = preSolution
		HideSolutionNode = FALSE
	EndGlobalSection
	GlobalSection(ExtensibilityGlobals) = postSolution
		SolutionGuid = {DC200C40-8EC0-477A-B1E3-E12AEDF5FF00}
	EndGlobalSection
EndGlobal
